
Microsoft Visual Studio Solution File, Format Version 12.00
# Visual Studio 15
VisualStudioVersion = 15.0.26730.10
MinimumVisualStudioVersion = 10.0.40219.1
Project("{FAE04EC0-301F-11D3-BF4B-00C04F79EFBC}") = "T-ShirtHERO", "T-ShirtHERO\T-ShirtHERO.csproj", "{15B67533-E510-41A2-B8C4-715E1B0B7DC9}"
EndProject
Global
	GlobalSection(SolutionConfigurationPlatforms) = preSolution
		Debug|Any CPU = Debug|Any CPU
		Release|Any CPU = Release|Any CPU
	EndGlobalSection
	GlobalSection(ProjectConfigurationPlatforms) = postSolution
		{15B67533-E510-41A2-B8C4-715E1B0B7DC9}.Debug|Any CPU.ActiveCfg = Debug|Any CPU
		{15B67533-E510-41A2-B8C4-715E1B0B7DC9}.Debug|Any CPU.Build.0 = Debug|Any CPU
		{15B67533-E510-41A2-B8C4-715E1B0B7DC9}.Debug|Any CPU.Deploy.0 = Debug|Any CPU
		{15B67533-E510-41A2-B8C4-715E1B0B7DC9}.Release|Any CPU.ActiveCfg = Release|Any CPU
		{15B67533-E510-41A2-B8C4-715E1B0B7DC9}.Release|Any CPU.Build.0 = Release|Any CPU
		{15B67533-E510-41A2-B8C4-715E1B0B7DC9}.Release|Any CPU.Deploy.0 = Release|Any CPU
	EndGlobalSection
	GlobalSection(SolutionProperties) = preSolution
		HideSolutionNode = FALSE
	EndGlobalSection
	GlobalSection(ExtensibilityGlobals) = postSolution
		SolutionGuid = {A2DDDF28-3F56-4316-9DD0-300193EE4596}
	EndGlobalSection
EndGlobal
